{
  "requires": true,
  "lockfileVersion": 1,
  "dependencies": {
    "@babel/polyfill": {
      "version": "7.2.5",
      "resolved": "https://registry.npmjs.org/@babel/polyfill/-/polyfill-7.2.5.tgz",
      "integrity": "sha512-8Y/t3MWThtMLYr0YNC/Q76tqN1w30+b0uQMeFUYauG2UGTR19zyUtFrAzT23zNtBxPp+LbE5E/nwV/q/r3y6ug==",
      "requires": {
        "core-js": "^2.5.7",
        "regenerator-runtime": "^0.12.0"
      }
    },
    "@babel/runtime": {
      "version": "7.3.4",
      "resolved": "https://registry.npmjs.org/@babel/runtime/-/runtime-7.3.4.tgz",
      "integrity": "sha512-IvfvnMdSaLBateu0jfsYIpZTxAc2cKEXEMiezGGN75QcBcecDUKd3PgLAncT0oOgxKy8dd8hrJKj9MfzgfZd6g==",
      "requires": {
        "regenerator-runtime": "^0.12.0"
      }
    },
    "core-js": {
      "version": "2.6.11",
      "resolved": "https://registry.npmjs.org/core-js/-/core-js-2.6.11.tgz",
      "integrity": "sha512-5wjnpaT/3dV+XB4borEsnAYQchn00XSgTAWKDkEqv+K8KevjbzmofK6hfJ9TZIlpj2N0xQpazy7PiRQiWHqzWg=="
    },
    "emoji-mart-vue-fast": {
      "version": "7.0.2",
      "resolved": "https://registry.npmjs.org/emoji-mart-vue-fast/-/emoji-mart-vue-fast-7.0.2.tgz",
      "integrity": "sha512-7OftneG98Jb9wkJgPBeUdEWrMMdGvd08erHMjNviKSuQSBsBAIFnQyW7lroBZ+dLT7uTZKuZfWdWwUfWpk965w==",
      "requires": {
        "@babel/polyfill": "7.2.5",
        "@babel/runtime": "7.3.4",
        "vue-virtual-scroller": "^1.0.0-rc.2"
      }
    },
    "regenerator-runtime": {
      "version": "0.12.1",
      "resolved": "https://registry.npmjs.org/regenerator-runtime/-/regenerator-runtime-0.12.1.tgz",
      "integrity": "sha512-odxIc1/vDlo4iZcfXqRYFj0vpXFNoGdKMAUieAlFYO6m/nl5e9KR/beGf41z4a1FI+aQgtjhuaSlDxQ0hmkrHg=="
    },
    "scrollparent": {
      "version": "2.0.1",
      "resolved": "https://registry.npmjs.org/scrollparent/-/scrollparent-2.0.1.tgz",
      "integrity": "sha1-cV1bnMV3YPsivczDvvtb/gaxoxc="
    },
    "vue-observe-visibility": {
      "version": "0.4.6",
      "resolved": "https://registry.npmjs.org/vue-observe-visibility/-/vue-observe-visibility-0.4.6.tgz",
      "integrity": "sha512-xo0CEVdkjSjhJoDdLSvoZoQrw/H2BlzB5jrCBKGZNXN2zdZgMuZ9BKrxXDjNP2AxlcCoKc8OahI3F3r3JGLv2Q=="
    },
    "vue-resize": {
      "version": "0.4.5",
      "resolved": "https://registry.npmjs.org/vue-resize/-/vue-resize-0.4.5.tgz",
      "integrity": "sha512-bhP7MlgJQ8TIkZJXAfDf78uJO+mEI3CaLABLjv0WNzr4CcGRGPIAItyWYnP6LsPA4Oq0WE+suidNs6dgpO4RHg=="
    },
    "vue-virtual-scroller": {
      "version": "1.0.10",
      "resolved": "https://registry.npmjs.org/vue-virtual-scroller/-/vue-virtual-scroller-1.0.10.tgz",
      "integrity": "sha512-Hn4qSBDhRY4XdngPioYy/ykDjrLX/NMm1fQXm/4UQQ/Xv1x8JbHGFZNftQowTcfICgN7yc31AKnUk1UGLJ2ndA==",
      "requires": {
        "scrollparent": "^2.0.1",
        "vue-observe-visibility": "^0.4.4",
        "vue-resize": "^0.4.5"
      }
    }
  }
}
